// !$*UTF8*$!
{
	archiveVersion = 1;
	classes = {
	};
	objectVersion = 50;
	objects = {

/* Begin PBXBuildFile section */
		3FC14A0E258D63AB00BDCF45 /* AppDelegate.swift in Sources */ = {isa = PBXBuildFile; fileRef = 3FC14A0D258D63AB00BDCF45 /* AppDelegate.swift */; };
		3FC14A10258D63AB00BDCF45 /* SceneDelegate.swift in Sources */ = {isa = PBXBuildFile; fileRef = 3FC14A0F258D63AB00BDCF45 /* SceneDelegate.swift */; };
		3FC14A15258D63AB00BDCF45 /* Main.storyboard in Resources */ = {isa = PBXBuildFile; fileRef = 3FC14A13258D63AB00BDCF45 /* Main.storyboard */; };
		3FC14A17258D63AD00BDCF45 /* Assets.xcassets in Resources */ = {isa = PBXBuildFile; fileRef = 3FC14A16258D63AD00BDCF45 /* Assets.xcassets */; };
		3FC14A1A258D63AD00BDCF45 /* LaunchScreen.storyboard in Resources */ = {isa = PBXBuildFile; fileRef = 3FC14A18258D63AD00BDCF45 /* LaunchScreen.storyboard */; };
		3FC14A25258D63AD00BDCF45 /* ToDoListTests.swift in Sources */ = {isa = PBXBuildFile; fileRef = 3FC14A24258D63AD00BDCF45 /* ToDoListTests.swift */; };
		3FC14A30258D63AD00BDCF45 /* ToDoListUITests.swift in Sources */ = {isa = PBXBuildFile; fileRef = 3FC14A2F258D63AD00BDCF45 /* ToDoListUITests.swift */; };
		3FC14A4225940FD500BDCF45 /* ToDoViewController.swift in Sources */ = {isa = PBXBuildFile; fileRef = 3FC14A4125940FD500BDCF45 /* ToDoViewController.swift */; };
		3FC14A4A2594107400BDCF45 /* ToDoTableViewController.swift in Sources */ = {isa = PBXBuildFile; fileRef = 3FC14A492594107400BDCF45 /* ToDoTableViewController.swift */; };
		3FC14A522594109300BDCF45 /* ToDoCell.swift in Sources */ = {isa = PBXBuildFile; fileRef = 3FC14A512594109300BDCF45 /* ToDoCell.swift */; };
		3FC14A57259410B100BDCF45 /* ToDo.swift in Sources */ = {isa = PBXBuildFile; fileRef = 3FC14A56259410B100BDCF45 /* ToDo.swift */; };
/* End PBXBuildFile section */

/* Begin PBXContainerItemProxy section */
		3FC14A21258D63AD00BDCF45 /* PBXContainerItemProxy */ = {
			isa = PBXContainerItemProxy;
			containerPortal = 3FC14A02258D63AA00BDCF45 /* Project object */;
			proxyType = 1;
			remoteGlobalIDString = 3FC14A09258D63AB00BDCF45;
			remoteInfo = ToDoList;
		};
		3FC14A2C258D63AD00BDCF45 /* PBXContainerItemProxy */ = {
			isa = PBXContainerItemProxy;
			containerPortal = 3FC14A02258D63AA00BDCF45 /* Project object */;
			proxyType = 1;
			remoteGlobalIDString = 3FC14A09258D63AB00BDCF45;
			remoteInfo = ToDoList;
		};
/* End PBXContainerItemProxy section */

/* Begin PBXFileReference section */
		3FC14A0A258D63AB00BDCF45 /* ToDoList.app */ = {isa = PBXFileReference; explicitFileType = wrapper.application; includeInIndex = 0; path = ToDoList.app; sourceTree = BUILT_PRODUCTS_DIR; };
		3FC14A0D258D63AB00BDCF45 /* AppDelegate.swift */ = {isa = PBXFileReference; lastKnownFileType = sourcecode.swift; path = AppDelegate.swift; sourceTree = "<group>"; };
		3FC14A0F258D63AB00BDCF45 /* SceneDelegate.swift */ = {isa = PBXFileReference; lastKnownFileType = sourcecode.swift; path = SceneDelegate.swift; sourceTree = "<group>"; };
		3FC14A14258D63AB00BDCF45 /* Base */ = {isa = PBXFileReference; lastKnownFileType = file.storyboard; name = Base; path = Base.lproj/Main.storyboard; sourceTree = "<group>"; };
		3FC14A16258D63AD00BDCF45 /* Assets.xcassets */ = {isa = PBXFileReference; lastKnownFileType = folder.assetcatalog; path = Assets.xcassets; sourceTree = "<group>"; };
		3FC14A19258D63AD00BDCF45 /* Base */ = {isa = PBXFileReference; lastKnownFileType = file.storyboard; name = Base; path = Base.lproj/LaunchScreen.storyboard; sourceTree = "<group>"; };
		3FC14A1B258D63AD00BDCF45 /* Info.plist */ = {isa = PBXFileReference; lastKnownFileType = text.plist.xml; path = Info.plist; sourceTree = "<group>"; };
		3FC14A20258D63AD00BDCF45 /* ToDoListTests.xctest */ = {isa = PBXFileReference; explicitFileType = wrapper.cfbundle; includeInIndex = 0; path = ToDoListTests.xctest; sourceTree = BUILT_PRODUCTS_DIR; };
		3FC14A24258D63AD00BDCF45 /* ToDoListTests.swift */ = {isa = PBXFileReference; lastKnownFileType = sourcecode.swift; path = ToDoListTests.swift; sourceTree = "<group>"; };
		3FC14A26258D63AD00BDCF45 /* Info.plist */ = {isa = PBXFileReference; lastKnownFileType = text.plist.xml; path = Info.plist; sourceTree = "<group>"; };
		3FC14A2B258D63AD00BDCF45 /* ToDoListUITests.xctest */ = {isa = PBXFileReference; explicitFileType = wrapper.cfbundle; includeInIndex = 0; path = ToDoListUITests.xctest; sourceTree = BUILT_PRODUCTS_DIR; };
		3FC14A2F258D63AD00BDCF45 /* ToDoListUITests.swift */ = {isa = PBXFileReference; lastKnownFileType = sourcecode.swift; path = ToDoListUITests.swift; sourceTree = "<group>"; };
		3FC14A31258D63AD00BDCF45 /* Info.plist */ = {isa = PBXFileReference; lastKnownFileType = text.plist.xml; path = Info.plist; sourceTree = "<group>"; };
		3FC14A4125940FD500BDCF45 /* ToDoViewController.swift */ = {isa = PBXFileReference; lastKnownFileType = sourcecode.swift; path = ToDoViewController.swift; sourceTree = "<group>"; };
		3FC14A492594107400BDCF45 /* ToDoTableViewController.swift */ = {isa = PBXFileReference; lastKnownFileType = sourcecode.swift; path = ToDoTableViewController.swift; sourceTree = "<group>"; };
		3FC14A512594109300BDCF45 /* ToDoCell.swift */ = {isa = PBXFileReference; lastKnownFileType = sourcecode.swift; path = ToDoCell.swift; sourceTree = "<group>"; };
		3FC14A56259410B100BDCF45 /* ToDo.swift */ = {isa = PBXFileReference; lastKnownFileType = sourcecode.swift; path = ToDo.swift; sourceTree = "<group>"; };
/* End PBXFileReference section */

/* Begin PBXFrameworksBuildPhase section */
		3FC14A07258D63AB00BDCF45 /* Frameworks */ = {
			isa = PBXFrameworksBuildPhase;
			buildActionMask = 2147483647;
			files = (
			);
			runOnlyForDeploymentPostprocessing = 0;
		};
		3FC14A1D258D63AD00BDCF45 /* Frameworks */ = {
			isa = PBXFrameworksBuildPhase;
			buildActionMask = 2147483647;
			files = (
			);
			runOnlyForDeploymentPostprocessing = 0;
		};
		3FC14A28258D63AD00BDCF45 /* Frameworks */ = {
			isa = PBXFrameworksBuildPhase;
			buildActionMask = 2147483647;
			files = (
			);
			runOnlyForDeploymentPostprocessing = 0;
		};
/* End PBXFrameworksBuildPhase section */

/* Begin PBXGroup section */
		3FC14A01258D63AA00BDCF45 = {
			isa = PBXGroup;
			children = (
				3FC14A0C258D63AB00BDCF45 /* ToDoList */,
				3FC14A23258D63AD00BDCF45 /* ToDoListTests */,
				3FC14A2E258D63AD00BDCF45 /* ToDoListUITests */,
				3FC14A0B258D63AB00BDCF45 /* Products */,
			);
			sourceTree = "<group>";
		};
		3FC14A0B258D63AB00BDCF45 /* Products */ = {
			isa = PBXGroup;
			children = (
				3FC14A0A258D63AB00BDCF45 /* ToDoList.app */,
				3FC14A20258D63AD00BDCF45 /* ToDoListTests.xctest */,
				3FC14A2B258D63AD00BDCF45 /* ToDoListUITests.xctest */,
			);
			name = Products;
			sourceTree = "<group>";
		};
		3FC14A0C258D63AB00BDCF45 /* ToDoList */ = {
			isa = PBXGroup;
			children = (
				3FC14A0D258D63AB00BDCF45 /* AppDelegate.swift */,
				3FC14A0F258D63AB00BDCF45 /* SceneDelegate.swift */,
				3FC14A4125940FD500BDCF45 /* ToDoViewController.swift */,
				3FC14A492594107400BDCF45 /* ToDoTableViewController.swift */,
				3FC14A512594109300BDCF45 /* ToDoCell.swift */,
				3FC14A56259410B100BDCF45 /* ToDo.swift */,
				3FC14A13258D63AB00BDCF45 /* Main.storyboard */,
				3FC14A16258D63AD00BDCF45 /* Assets.xcassets */,
				3FC14A18258D63AD00BDCF45 /* LaunchScreen.storyboard */,
				3FC14A1B258D63AD00BDCF45 /* Info.plist */,
			);
			path = ToDoList;
			sourceTree = "<group>";
		};
		3FC14A23258D63AD00BDCF45 /* ToDoListTests */ = {
			isa = PBXGroup;
			children = (
				3FC14A24258D63AD00BDCF45 /* ToDoListTests.swift */,
				3FC14A26258D63AD00BDCF45 /* Info.plist */,
			);
			path = ToDoListTests;
			sourceTree = "<group>";
		};
		3FC14A2E258D63AD00BDCF45 /* ToDoListUITests */ = {
			isa = PBXGroup;
			children = (
				3FC14A2F258D63AD00BDCF45 /* ToDoListUITests.swift */,
				3FC14A31258D63AD00BDCF45 /* Info.plist */,
			);
			path = ToDoListUITests;
			sourceTree = "<group>";
		};
/* End PBXGroup section */

/* Begin PBXNativeTarget section */
		3FC14A09258D63AB00BDCF45 /* ToDoList */ = {
			isa = PBXNativeTarget;
			buildConfigurationList = 3FC14A34258D63AD00BDCF45 /* Build configuration list for PBXNativeTarget "ToDoList" */;
			buildPhases = (
				3FC14A06258D63AB00BDCF45 /* Sources */,
				3FC14A07258D63AB00BDCF45 /* Frameworks */,
				3FC14A08258D63AB00BDCF45 /* Resources */,
			);
			buildRules = (
			);
			dependencies = (
			);
			name = ToDoList;
			productName = ToDoList;
			productReference = 3FC14A0A258D63AB00BDCF45 /* ToDoList.app */;
			productType = "com.apple.product-type.application";
		};
		3FC14A1F258D63AD00BDCF45 /* ToDoListTests */ = {
			isa = PBXNativeTarget;
			buildConfigurationList = 3FC14A37258D63AD00BDCF45 /* Build configuration list for PBXNativeTarget "ToDoListTests" */;
			buildPhases = (
				3FC14A1C258D63AD00BDCF45 /* Sources */,
				3FC14A1D258D63AD00BDCF45 /* Frameworks */,
				3FC14A1E258D63AD00BDCF45 /* Resources */,
			);
			buildRules = (
			);
			dependencies = (
				3FC14A22258D63AD00BDCF45 /* PBXTargetDependency */,
			);
			name = ToDoListTests;
			productName = ToDoListTests;
			productReference = 3FC14A20258D63AD00BDCF45 /* ToDoListTests.xctest */;
			productType = "com.apple.product-type.bundle.unit-test";
		};
		3FC14A2A258D63AD00BDCF45 /* ToDoListUITests */ = {
			isa = PBXNativeTarget;
			buildConfigurationList = 3FC14A3A258D63AD00BDCF45 /* Build configuration list for PBXNativeTarget "ToDoListUITests" */;
			buildPhases = (
				3FC14A27258D63AD00BDCF45 /* Sources */,
				3FC14A28258D63AD00BDCF45 /* Frameworks */,
				3FC14A29258D63AD00BDCF45 /* Resources */,
			);
			buildRules = (
			);
			dependencies = (
				3FC14A2D258D63AD00BDCF45 /* PBXTargetDependency */,
			);
			name = ToDoListUITests;
			productName = ToDoListUITests;
			productReference = 3FC14A2B258D63AD00BDCF45 /* ToDoListUITests.xctest */;
			productType = "com.apple.product-type.bundle.ui-testing";
		};
/* End PBXNativeTarget section */

/* Begin PBXProject section */
		3FC14A02258D63AA00BDCF45 /* Project object */ = {
			isa = PBXProject;
			attributes = {
				LastSwiftUpdateCheck = 1210;
				LastUpgradeCheck = 1210;
				TargetAttributes = {
					3FC14A09258D63AB00BDCF45 = {
						CreatedOnToolsVersion = 12.1;
					};
					3FC14A1F258D63AD00BDCF45 = {
						CreatedOnToolsVersion = 12.1;
						TestTargetID = 3FC14A09258D63AB00BDCF45;
					};
					3FC14A2A258D63AD00BDCF45 = {
						CreatedOnToolsVersion = 12.1;
						TestTargetID = 3FC14A09258D63AB00BDCF45;
					};
				};
			};
			buildConfigurationList = 3FC14A05258D63AA00BDCF45 /* Build configuration list for PBXProject "ToDoList" */;
			compatibilityVersion = "Xcode 9.3";
			developmentRegion = en;
			hasScannedForEncodings = 0;
			knownRegions = (
				en,
				Base,
			);
			mainGroup = 3FC14A01258D63AA00BDCF45;
			productRefGroup = 3FC14A0B258D63AB00BDCF45 /* Products */;
			projectDirPath = "";
			projectRoot = "";
			targets = (
				3FC14A09258D63AB00BDCF45 /* ToDoList */,
				3FC14A1F258D63AD00BDCF45 /* ToDoListTests */,
				3FC14A2A258D63AD00BDCF45 /* ToDoListUITests */,
			);
		};
/* End PBXProject section */

/* Begin PBXResourcesBuildPhase section */
		3FC14A08258D63AB00BDCF45 /* Resources */ = {
			isa = PBXResourcesBuildPhase;
			buildActionMask = 2147483647;
			files = (
				3FC14A1A258D63AD00BDCF45 /* LaunchScreen.storyboard in Resources */,
				3FC14A17258D63AD00BDCF45 /* Assets.xcassets in Resources */,
				3FC14A15258D63AB00BDCF45 /* Main.storyboard in Resources */,
			);
			runOnlyForDeploymentPostprocessing = 0;
		};
		3FC14A1E258D63AD00BDCF45 /* Resources */ = {
			isa = PBXResourcesBuildPhase;
			buildActionMask = 2147483647;
			files = (
			);
			runOnlyForDeploymentPostprocessing = 0;
		};
		3FC14A29258D63AD00BDCF45 /* Resources */ = {
			isa = PBXResourcesBuildPhase;
			buildActionMask = 2147483647;
			files = (
			);
			runOnlyForDeploymentPostprocessing = 0;
		};
/* End PBXResourcesBuildPhase section */

/* Begin PBXSourcesBuildPhase section */
		3FC14A06258D63AB00BDCF45 /* Sources */ = {
			isa = PBXSourcesBuildPhase;
			buildActionMask = 2147483647;
			files = (
				3FC14A4225940FD500BDCF45 /* ToDoViewController.swift in Sources */,
				3FC14A4A2594107400BDCF45 /* ToDoTableViewController.swift in Sources */,
				3FC14A0E258D63AB00BDCF45 /* AppDelegate.swift in Sources */,
				3FC14A57259410B100BDCF45 /* ToDo.swift in Sources */,
				3FC14A10258D63AB00BDCF45 /* SceneDelegate.swift in Sources */,
				3FC14A522594109300BDCF45 /* ToDoCell.swift in Sources */,
			);
			runOnlyForDeploymentPostprocessing = 0;
		};
		3FC14A1C258D63AD00BDCF45 /* Sources */ = {
			isa = PBXSourcesBuildPhase;
			buildActionMask = 2147483647;
			files = (
				3FC14A25258D63AD00BDCF45 /* ToDoListTests.swift in Sources */,
			);
			runOnlyForDeploymentPostprocessing = 0;
		};
		3FC14A27258D63AD00BDCF45 /* Sources */ = {
			isa = PBXSourcesBuildPhase;
			buildActionMask = 2147483647;
			files = (
				3FC14A30258D63AD00BDCF45 /* ToDoListUITests.swift in Sources */,
			);
			runOnlyForDeploymentPostprocessing = 0;
		};
/* End PBXSourcesBuildPhase section */

/* Begin PBXTargetDependency section */
		3FC14A22258D63AD00BDCF45 /* PBXTargetDependency */ = {
			isa = PBXTargetDependency;
			target = 3FC14A09258D63AB00BDCF45 /* ToDoList */;
			targetProxy = 3FC14A21258D63AD00BDCF45 /* PBXContainerItemProxy */;
		};
		3FC14A2D258D63AD00BDCF45 /* PBXTargetDependency */ = {
			isa = PBXTargetDependency;
			target = 3FC14A09258D63AB00BDCF45 /* ToDoList */;
			targetProxy = 3FC14A2C258D63AD00BDCF45 /* PBXContainerItemProxy */;
		};
/* End PBXTargetDependency section */

/* Begin PBXVariantGroup section */
		3FC14A13258D63AB00BDCF45 /* Main.storyboard */ = {
			isa = PBXVariantGroup;
			children = (
				3FC14A14258D63AB00BDCF45 /* Base */,
			);
			name = Main.storyboard;
			sourceTree = "<group>";
		};
		3FC14A18258D63AD00BDCF45 /* LaunchScreen.storyboard */ = {
			isa = PBXVariantGroup;
			children = (
				3FC14A19258D63AD00BDCF45 /* Base */,
			);
			name = LaunchScreen.storyboard;
			sourceTree = "<group>";
		};
/* End PBXVariantGroup section */

/* Begin XCBuildConfiguration section */
		3FC14A32258D63AD00BDCF45 /* Debug */ = {
			isa = XCBuildConfiguration;
			buildSettings = {
				ALWAYS_SEARCH_USER_PATHS = NO;
				CLANG_ANALYZER_NONNULL = YES;
				CLANG_ANALYZER_NUMBER_OBJECT_CONVERSION = YES_AGGRESSIVE;
				CLANG_CXX_LANGUAGE_STANDARD = "gnu++14";
				CLANG_CXX_LIBRARY = "libc++";
				CLANG_ENABLE_MODULES = YES;
				CLANG_ENABLE_OBJC_ARC = YES;
				CLANG_ENABLE_OBJC_WEAK = YES;
				CLANG_WARN_BLOCK_CAPTURE_AUTORELEASING = YES;
				CLANG_WARN_BOOL_CONVERSION = YES;
				CLANG_WARN_COMMA = YES;
				CLANG_WARN_CONSTANT_CONVERSION = YES;
				CLANG_WARN_DEPRECATED_OBJC_IMPLEMENTATIONS = YES;
				CLANG_WARN_DIRECT_OBJC_ISA_USAGE = YES_ERROR;
				CLANG_WARN_DOCUMENTATION_COMMENTS = YES;
				CLANG_WARN_EMPTY_BODY = YES;
				CLANG_WARN_ENUM_CONVERSION = YES;
				CLANG_WARN_INFINITE_RECURSION = YES;
				CLANG_WARN_INT_CONVERSION = YES;
				CLANG_WARN_NON_LITERAL_NULL_CONVERSION = YES;
				CLANG_WARN_OBJC_IMPLICIT_RETAIN_SELF = YES;
				CLANG_WARN_OBJC_LITERAL_CONVERSION = YES;
				CLANG_WARN_OBJC_ROOT_CLASS = YES_ERROR;
				CLANG_WARN_QUOTED_INCLUDE_IN_FRAMEWORK_HEADER = YES;
				CLANG_WARN_RANGE_LOOP_ANALYSIS = YES;
				CLANG_WARN_STRICT_PROTOTYPES = YES;
				CLANG_WARN_SUSPICIOUS_MOVE = YES;
				CLANG_WARN_UNGUARDED_AVAILABILITY = YES_AGGRESSIVE;
				CLANG_WARN_UNREACHABLE_CODE = YES;
				CLANG_WARN__DUPLICATE_METHOD_MATCH = YES;
				COPY_PHASE_STRIP = NO;
				DEBUG_INFORMATION_FORMAT = dwarf;
				ENABLE_STRICT_OBJC_MSGSEND = YES;
				ENABLE_TESTABILITY = YES;
				GCC_C_LANGUAGE_STANDARD = gnu11;
				GCC_DYNAMIC_NO_PIC = NO;
				GCC_NO_COMMON_BLOCKS = YES;
				GCC_OPTIMIZATION_LEVEL = 0;
				GCC_PREPROCESSOR_DEFINITIONS = (
					"DEBUG=1",
					"$(inherited)",
				);
				GCC_WARN_64_TO_32_BIT_CONVERSION = YES;
				GCC_WARN_ABOUT_RETURN_TYPE = YES_ERROR;
				GCC_WARN_UNDECLARED_SELECTOR = YES;
				GCC_WARN_UNINITIALIZED_AUTOS = YES_AGGRESSIVE;
				GCC_WARN_UNUSED_FUNCTION = YES;
				GCC_WARN_UNUSED_VARIABLE = YES;
				IPHONEOS_DEPLOYMENT_TARGET = 14.1;
				MTL_ENABLE_DEBUG_INFO = INCLUDE_SOURCE;
				MTL_FAST_MATH = YES;
				ONLY_ACTIVE_ARCH = YES;
				SDKROOT = iphoneos;
				SWIFT_ACTIVE_COMPILATION_CONDITIONS = DEBUG;
				SWIFT_OPTIMIZATION_LEVEL = "-Onone";
			};
			name = Debug;
		};
		3FC14A33258D63AD00BDCF45 /* Release */ = {
			isa = XCBuildConfiguration;
			buildSettings = {
				ALWAYS_SEARCH_USER_PATHS = NO;
				CLANG_ANALYZER_NONNULL = YES;
				CLANG_ANALYZER_NUMBER_OBJECT_CONVERSION = YES_AGGRESSIVE;
				CLANG_CXX_LANGUAGE_STANDARD = "gnu++14";
				CLANG_CXX_LIBRARY = "libc++";
				CLANG_ENABLE_MODULES = YES;
				CLANG_ENABLE_OBJC_ARC = YES;
				CLANG_ENABLE_OBJC_WEAK = YES;
				CLANG_WARN_BLOCK_CAPTURE_AUTORELEASING = YES;
				CLANG_WARN_BOOL_CONVERSION = YES;
				CLANG_WARN_COMMA = YES;
				CLANG_WARN_CONSTANT_CONVERSION = YES;
				CLANG_WARN_DEPRECATED_OBJC_IMPLEMENTATIONS = YES;
				CLANG_WARN_DIRECT_OBJC_ISA_USAGE = YES_ERROR;
				CLANG_WARN_DOCUMENTATION_COMMENTS = YES;
				CLANG_WARN_EMPTY_BODY = YES;
				CLANG_WARN_ENUM_CONVERSION = YES;
				CLANG_WARN_INFINITE_RECURSION = YES;
				CLANG_WARN_INT_CONVERSION = YES;
				CLANG_WARN_NON_LITERAL_NULL_CONVERSION = YES;
				CLANG_WARN_OBJC_IMPLICIT_RETAIN_SELF = YES;
				CLANG_WARN_OBJC_LITERAL_CONVERSION = YES;
				CLANG_WARN_OBJC_ROOT_CLASS = YES_ERROR;
				CLANG_WARN_QUOTED_INCLUDE_IN_FRAMEWORK_HEADER = YES;
				CLANG_WARN_RANGE_LOOP_ANALYSIS = YES;
				CLANG_WARN_STRICT_PROTOTYPES = YES;
				CLANG_WARN_SUSPICIOUS_MOVE = YES;
				CLANG_WARN_UNGUARDED_AVAILABILITY = YES_AGGRESSIVE;
				CLANG_WARN_UNREACHABLE_CODE = YES;
				CLANG_WARN__DUPLICATE_METHOD_MATCH = YES;
				COPY_PHASE_STRIP = NO;
				DEBUG_INFORMATION_FORMAT = "dwarf-with-dsym";
				ENABLE_NS_ASSERTIONS = NO;
				ENABLE_STRICT_OBJC_MSGSEND = YES;
				GCC_C_LANGUAGE_STANDARD = gnu11;
				GCC_NO_COMMON_BLOCKS = YES;
				GCC_WARN_64_TO_32_BIT_CONVERSION = YES;
				GCC_WARN_ABOUT_RETURN_TYPE = YES_ERROR;
				GCC_WARN_UNDECLARED_SELECTOR = YES;
				GCC_WARN_UNINITIALIZED_AUTOS = YES_AGGRESSIVE;
				GCC_WARN_UNUSED_FUNCTION = YES;
				GCC_WARN_UNUSED_VARIABLE = YES;
				IPHONEOS_DEPLOYMENT_TARGET = 14.1;
				MTL_ENABLE_DEBUG_INFO = NO;
				MTL_FAST_MATH = YES;
				SDKROOT = iphoneos;
				SWIFT_COMPILATION_MODE = wholemodule;
				SWIFT_OPTIMIZATION_LEVEL = "-O";
				VALIDATE_PRODUCT = YES;
			};
			name = Release;
		};
		3FC14A35258D63AD00BDCF45 /* Debug */ = {
			isa = XCBuildConfiguration;
			buildSettings = {
				ASSETCATALOG_COMPILER_APPICON_NAME = AppIcon;
				ASSETCATALOG_COMPILER_GLOBAL_ACCENT_COLOR_NAME = AccentColor;
				CODE_SIGN_STYLE = Automatic;
				DEVELOPMENT_TEAM = 833Z5S3N97;
				INFOPLIST_FILE = ToDoList/Info.plist;
				LD_RUNPATH_SEARCH_PATHS = (
					"$(inherited)",
					"@executable_path/Frameworks",
				);
				PRODUCT_BUNDLE_IDENTIFIER = Sandra.ToDoList;
				PRODUCT_NAME = "$(TARGET_NAME)";
				SWIFT_VERSION = 5.0;
				TARGETED_DEVICE_FAMILY = "1,2";
			};
			name = Debug;
		};
		3FC14A36258D63AD00BDCF45 /* Release */ = {
			isa = XCBuildConfiguration;
			buildSettings = {
				ASSETCATALOG_COMPILER_APPICON_NAME = AppIcon;
				ASSETCATALOG_COMPILER_GLOBAL_ACCENT_COLOR_NAME = AccentColor;
				CODE_SIGN_STYLE = Automatic;
				DEVELOPMENT_TEAM = 833Z5S3N97;
				INFOPLIST_FILE = ToDoList/Info.plist;
				LD_RUNPATH_SEARCH_PATHS = (
					"$(inherited)",
					"@executable_path/Frameworks",
				);
				PRODUCT_BUNDLE_IDENTIFIER = Sandra.ToDoList;
				PRODUCT_NAME = "$(TARGET_NAME)";
				SWIFT_VERSION = 5.0;
				TARGETED_DEVICE_FAMILY = "1,2";
			};
			name = Release;
		};
		3FC14A38258D63AD00BDCF45 /* Debug */ = {
			isa = XCBuildConfiguration;
			buildSettings = {
				ALWAYS_EMBED_SWIFT_STANDARD_LIBRARIES = YES;
				BUNDLE_LOADER = "$(TEST_HOST)";
				CODE_SIGN_STYLE = Automatic;
				DEVELOPMENT_TEAM = 833Z5S3N97;
				INFOPLIST_FILE = ToDoListTests/Info.plist;
				IPHONEOS_DEPLOYMENT_TARGET = 14.1;
				LD_RUNPATH_SEARCH_PATHS = (
					"$(inherited)",
					"@executable_path/Frameworks",
					"@loader_path/Frameworks",
				);
				PRODUCT_BUNDLE_IDENTIFIER = Sandra.ToDoListTests;
				PRODUCT_NAME = "$(TARGET_NAME)";
				SWIFT_VERSION = 5.0;
				TARGETED_DEVICE_FAMILY = "1,2";
				TEST_HOST = "$(BUILT_PRODUCTS_DIR)/ToDoList.app/ToDoList";
			};
			name = Debug;
		};
		3FC14A39258D63AD00BDCF45 /* Release */ = {
			isa = XCBuildConfiguration;
			buildSettings = {
				ALWAYS_EMBED_SWIFT_STANDARD_LIBRARIES = YES;
				BUNDLE_LOADER = "$(TEST_HOST)";
				CODE_SIGN_STYLE = Automatic;
				DEVELOPMENT_TEAM = 833Z5S3N97;
				INFOPLIST_FILE = ToDoListTests/Info.plist;
				IPHONEOS_DEPLOYMENT_TARGET = 14.1;
				LD_RUNPATH_SEARCH_PATHS = (
					"$(inherited)",
					"@executable_path/Frameworks",
					"@loader_path/Frameworks",
				);
				PRODUCT_BUNDLE_IDENTIFIER = Sandra.ToDoListTests;
				PRODUCT_NAME = "$(TARGET_NAME)";
				SWIFT_VERSION = 5.0;
				TARGETED_DEVICE_FAMILY = "1,2";
				TEST_HOST = "$(BUILT_PRODUCTS_DIR)/ToDoList.app/ToDoList";
			};
			name = Release;
		};
		3FC14A3B258D63AD00BDCF45 /* Debug */ = {
			isa = XCBuildConfiguration;
			buildSettings = {
				ALWAYS_EMBED_SWIFT_STANDARD_LIBRARIES = YES;
				CODE_SIGN_STYLE = Automatic;
				DEVELOPMENT_TEAM = 833Z5S3N97;
				INFOPLIST_FILE = ToDoListUITests/Info.plist;
				LD_RUNPATH_SEARCH_PATHS = (
					"$(inherited)",
					"@executable_path/Frameworks",
					"@loader_path/Frameworks",
				);
				PRODUCT_BUNDLE_IDENTIFIER = Sandra.ToDoListUITests;
				PRODUCT_NAME = "$(TARGET_NAME)";
				SWIFT_VERSION = 5.0;
				TARGETED_DEVICE_FAMILY = "1,2";
				TEST_TARGET_NAME = ToDoList;
			};
			name = Debug;
		};
		3FC14A3C258D63AD00BDCF45 /* Release */ = {
			isa = XCBuildConfiguration;
			buildSettings = {
				ALWAYS_EMBED_SWIFT_STANDARD_LIBRARIES = YES;
				CODE_SIGN_STYLE = Automatic;
				DEVELOPMENT_TEAM = 833Z5S3N97;
				INFOPLIST_FILE = ToDoListUITests/Info.plist;
				LD_RUNPATH_SEARCH_PATHS = (
					"$(inherited)",
					"@executable_path/Frameworks",
					"@loader_path/Frameworks",
				);
				PRODUCT_BUNDLE_IDENTIFIER = Sandra.ToDoListUITests;
				PRODUCT_NAME = "$(TARGET_NAME)";
				SWIFT_VERSION = 5.0;
				TARGETED_DEVICE_FAMILY = "1,2";
				TEST_TARGET_NAME = ToDoList;
			};
			name = Release;
		};
/* End XCBuildConfiguration section */

/* Begin XCConfigurationList section */
		3FC14A05258D63AA00BDCF45 /* Build configuration list for PBXProject "ToDoList" */ = {
			isa = XCConfigurationList;
			buildConfigurations = (
				3FC14A32258D63AD00BDCF45 /* Debug */,
				3FC14A33258D63AD00BDCF45 /* Release */,
			);
			defaultConfigurationIsVisible = 0;
			defaultConfigurationName = Release;
		};
		3FC14A34258D63AD00BDCF45 /* Build configuration list for PBXNativeTarget "ToDoList" */ = {
			isa = XCConfigurationList;
			buildConfigurations = (
				3FC14A35258D63AD00BDCF45 /* Debug */,
				3FC14A36258D63AD00BDCF45 /* Release */,
			);
			defaultConfigurationIsVisible = 0;
			defaultConfigurationName = Release;
		};
		3FC14A37258D63AD00BDCF45 /* Build configuration list for PBXNativeTarget "ToDoListTests" */ = {
			isa = XCConfigurationList;
			buildConfigurations = (
				3FC14A38258D63AD00BDCF45 /* Debug */,
				3FC14A39258D63AD00BDCF45 /* Release */,
			);
			defaultConfigurationIsVisible = 0;
			defaultConfigurationName = Release;
		};
		3FC14A3A258D63AD00BDCF45 /* Build configuration list for PBXNativeTarget "ToDoListUITests" */ = {
			isa = XCConfigurationList;
			buildConfigurations = (
				3FC14A3B258D63AD00BDCF45 /* Debug */,
				3FC14A3C258D63AD00BDCF45 /* Release */,
			);
			defaultConfigurationIsVisible = 0;
			defaultConfigurationName = Release;
		};
/* End XCConfigurationList section */
	};
	rootObject = 3FC14A02258D63AA00BDCF45 /* Project object */;
}
